Microsoft Visual Studio Solution File, Format Version 12.00
# Visual Studio Version 17
VisualStudioVersion = 17.13.35828.75
MinimumVisualStudioVersion = 10.0.40219.1
Project("{FAE04EC0-301F-11D3-BF4B-00C04F79EFBC}") = "WeatherStationSimulator(ChatGPT)", "WeatherStationSimulator(ChatGPT)\WeatherStationSimulator(ChatGPT).csproj", "{8EE628C0-0B50-4060-BE37-631705FC1739}"
EndProject
Global
	GlobalSection(SolutionConfigurationPlatforms) = preSolution
		Debug|Any CPU = Debug|Any CPU
		Release|Any CPU = Release|Any CPU
	EndGlobalSection
	GlobalSection(ProjectConfigurationPlatforms) = postSolution
		{8EE628C0-0B50-4060-BE37-631705FC1739}.Debug|Any CPU.ActiveCfg = Debug|Any CPU
		{8EE628C0-0B50-4060-BE37-631705FC1739}.Debug|Any CPU.Build.0 = Debug|Any CPU
		{8EE628C0-0B50-4060-BE37-631705FC1739}.Release|Any CPU.ActiveCfg = Release|Any CPU
		{8EE628C0-0B50-4060-BE37-631705FC1739}.Release|Any CPU.Build.0 = Release|Any CPU
	EndGlobalSection
	GlobalSection(SolutionProperties) = preSolution
		HideSolutionNode = FALSE
	EndGlobalSection
	GlobalSection(ExtensibilityGlobals) = postSolution
		SolutionGuid = {3423945B-2C93-4E20-BDFD-562FFB545A61}
	EndGlobalSection
EndGlobal
