Microsoft Visual Studio Solution File, Format Version 12.00
# Visual Studio Version 17
VisualStudioVersion = 17.13.35828.75
MinimumVisualStudioVersion = 10.0.40219.1
Project("{FAE04EC0-301F-11D3-BF4B-00C04F79EFBC}") = "Recursion", "Recursion\Recursion.csproj", "{772343B6-9A25-476F-A0CB-CF6E9A29233D}"
EndProject
Global
	GlobalSection(SolutionConfigurationPlatforms) = preSolution
		Debug|Any CPU = Debug|Any CPU
		Release|Any CPU = Release|Any CPU
	EndGlobalSection
	GlobalSection(ProjectConfigurationPlatforms) = postSolution
		{772343B6-9A25-476F-A0CB-CF6E9A29233D}.Debug|Any CPU.ActiveCfg = Debug|Any CPU
		{772343B6-9A25-476F-A0CB-CF6E9A29233D}.Debug|Any CPU.Build.0 = Debug|Any CPU
		{772343B6-9A25-476F-A0CB-CF6E9A29233D}.Release|Any CPU.ActiveCfg = Release|Any CPU
		{772343B6-9A25-476F-A0CB-CF6E9A29233D}.Release|Any CPU.Build.0 = Release|Any CPU
	EndGlobalSection
	GlobalSection(SolutionProperties) = preSolution
		HideSolutionNode = FALSE
	EndGlobalSection
	GlobalSection(ExtensibilityGlobals) = postSolution
		SolutionGuid = {FD16DA39-DF38-456E-9A69-74AA3F5E18CD}
	EndGlobalSection
EndGlobal
