Microsoft Visual Studio Solution File, Format Version 12.00
# Visual Studio Version 17
VisualStudioVersion = 17.13.35828.75
MinimumVisualStudioVersion = 10.0.40219.1
Project("{FAE04EC0-301F-11D3-BF4B-00C04F79EFBC}") = "GuessTheNumber", "GuessTheNumber\GuessTheNumber.csproj", "{1AA53048-E926-448B-BE3C-F8A9CAA19220}"
EndProject
Global
	GlobalSection(SolutionConfigurationPlatforms) = preSolution
		Debug|Any CPU = Debug|Any CPU
		Release|Any CPU = Release|Any CPU
	EndGlobalSection
	GlobalSection(ProjectConfigurationPlatforms) = postSolution
		{1AA53048-E926-448B-BE3C-F8A9CAA19220}.Debug|Any CPU.ActiveCfg = Debug|Any CPU
		{1AA53048-E926-448B-BE3C-F8A9CAA19220}.Debug|Any CPU.Build.0 = Debug|Any CPU
		{1AA53048-E926-448B-BE3C-F8A9CAA19220}.Release|Any CPU.ActiveCfg = Release|Any CPU
		{1AA53048-E926-448B-BE3C-F8A9CAA19220}.Release|Any CPU.Build.0 = Release|Any CPU
	EndGlobalSection
	GlobalSection(SolutionProperties) = preSolution
		HideSolutionNode = FALSE
	EndGlobalSection
	GlobalSection(ExtensibilityGlobals) = postSolution
		SolutionGuid = {FC6C8981-F3AC-48B8-A01E-EEE31F3A231A}
	EndGlobalSection
EndGlobal
