Microsoft Visual Studio Solution File, Format Version 12.00
# Visual Studio Version 17
VisualStudioVersion = 17.13.35828.75
MinimumVisualStudioVersion = 10.0.40219.1
Project("{FAE04EC0-301F-11D3-BF4B-00C04F79EFBC}") = "PrintNumbers", "PrintNumbers\PrintNumbers.csproj", "{C15BEA6F-B3A9-4BB1-9DF3-69EC6A2EB9B8}"
EndProject
Global
	GlobalSection(SolutionConfigurationPlatforms) = preSolution
		Debug|Any CPU = Debug|Any CPU
		Release|Any CPU = Release|Any CPU
	EndGlobalSection
	GlobalSection(ProjectConfigurationPlatforms) = postSolution
		{C15BEA6F-B3A9-4BB1-9DF3-69EC6A2EB9B8}.Debug|Any CPU.ActiveCfg = Debug|Any CPU
		{C15BEA6F-B3A9-4BB1-9DF3-69EC6A2EB9B8}.Debug|Any CPU.Build.0 = Debug|Any CPU
		{C15BEA6F-B3A9-4BB1-9DF3-69EC6A2EB9B8}.Release|Any CPU.ActiveCfg = Release|Any CPU
		{C15BEA6F-B3A9-4BB1-9DF3-69EC6A2EB9B8}.Release|Any CPU.Build.0 = Release|Any CPU
	EndGlobalSection
	GlobalSection(SolutionProperties) = preSolution
		HideSolutionNode = FALSE
	EndGlobalSection
	GlobalSection(ExtensibilityGlobals) = postSolution
		SolutionGuid = {2A96DE93-D780-4162-BEA4-7AEC63B17B67}
	EndGlobalSection
EndGlobal
