
Microsoft Visual Studio Solution File, Format Version 12.00
# Visual Studio Version 17
VisualStudioVersion = 17.13.35828.75 d17.13
MinimumVisualStudioVersion = 10.0.40219.1
Project("{FAE04EC0-301F-11D3-BF4B-00C04F79EFBC}") = "ConsoleApp1", "ConsoleApp1\ConsoleApp1.csproj", "{8883A236-9AE1-4AED-B747-1433DCCF58EE}"
EndProject
Global
	GlobalSection(SolutionConfigurationPlatforms) = preSolution
		Debug|Any CPU = Debug|Any CPU
		Release|Any CPU = Release|Any CPU
	EndGlobalSection
	GlobalSection(ProjectConfigurationPlatforms) = postSolution
		{8883A236-9AE1-4AED-B747-1433DCCF58EE}.Debug|Any CPU.ActiveCfg = Debug|Any CPU
		{8883A236-9AE1-4AED-B747-1433DCCF58EE}.Debug|Any CPU.Build.0 = Debug|Any CPU
		{8883A236-9AE1-4AED-B747-1433DCCF58EE}.Release|Any CPU.ActiveCfg = Release|Any CPU
		{8883A236-9AE1-4AED-B747-1433DCCF58EE}.Release|Any CPU.Build.0 = Release|Any CPU
	EndGlobalSection
	GlobalSection(SolutionProperties) = preSolution
		HideSolutionNode = FALSE
	EndGlobalSection
	GlobalSection(ExtensibilityGlobals) = postSolution
		SolutionGuid = {B5A45525-5B0E-49D5-8C1A-DEC43949ADE0}
	EndGlobalSection
EndGlobal
